
Microsoft Visual Studio Solution File, Format Version 12.00
# Visual Studio Version 16
VisualStudioVersion = 16.0.29123.88
MinimumVisualStudioVersion = 10.0.40219.1
Project("{9A19103F-16F7-4668-BE54-9A1E7A4F7556}") = "API", "API\API.csproj", "{8289C82A-D6AC-414F-92F0-D91FE010432F}"
EndProject
Project("{9A19103F-16F7-4668-BE54-9A1E7A4F7556}") = "UserService", "UserService\UserService.csproj", "{538C10C5-45EA-429D-808A-A2BA57B808BE}"
EndProject
Project("{9A19103F-16F7-4668-BE54-9A1E7A4F7556}") = "DTO", "DTO\DTO.csproj", "{C24B596C-29A3-4577-A4AF-30F557C4CA2F}"
EndProject
Project("{9A19103F-16F7-4668-BE54-9A1E7A4F7556}") = "Either", "Either\Either.csproj", "{2FB44C5A-BE1E-4FBF-89FD-DF3C03748AE1}"
EndProject
Project("{9A19103F-16F7-4668-BE54-9A1E7A4F7556}") = "Communication", "Communication\Communication.csproj", "{2553A3AC-9969-48C9-8A96-CB64B204D42D}"
EndProject
Project("{9A19103F-16F7-4668-BE54-9A1E7A4F7556}") = "EventBus", "EventBus\EventBus.csproj", "{731B5D42-673C-49FD-8B10-2D9EF29AB322}"
EndProject
Project("{9A19103F-16F7-4668-BE54-9A1E7A4F7556}") = "Facade", "Facade\Facade.csproj", "{B4D2807A-A507-4696-B855-4C4EF50AEB2F}"
EndProject
Project("{9A19103F-16F7-4668-BE54-9A1E7A4F7556}") = "Messages", "Messages\Messages.csproj", "{AF846E0A-BDD3-4134-AE87-3804645D57C0}"
EndProject
Project("{9A19103F-16F7-4668-BE54-9A1E7A4F7556}") = "TestService", "TestService\TestService.csproj", "{4ABBCD7D-A0B8-40D6-B7DF-FCB56DD68259}"
EndProject
Project("{9A19103F-16F7-4668-BE54-9A1E7A4F7556}") = "BucketService", "BucketService\BucketService.csproj", "{1FE0C432-F3F7-4E9F-8356-35C3942E9359}"
EndProject
Project("{9A19103F-16F7-4668-BE54-9A1E7A4F7556}") = "SecretGenerator", "SecretGenerator\SecretGenerator.csproj", "{0428FDF7-484A-403B-9858-CE8E186B4515}"
EndProject
Project("{9A19103F-16F7-4668-BE54-9A1E7A4F7556}") = "TokenManager", "TokenManager\TokenManager.csproj", "{5D4839B4-D8E5-4FDD-8CEE-5E976C08BCC5}"
EndProject
Project("{9A19103F-16F7-4668-BE54-9A1E7A4F7556}") = "Domain", "Domain\Domain.csproj", "{BB884775-8D89-473F-8093-B5BB2E62B90E}"
EndProject
Project("{9A19103F-16F7-4668-BE54-9A1E7A4F7556}") = "Either.Test", "Either.Test\Either.Test.csproj", "{9534FD08-D79A-46AB-8B93-3041546CA804}"
EndProject
Global
	GlobalSection(SolutionConfigurationPlatforms) = preSolution
		Debug|Any CPU = Debug|Any CPU
		Release|Any CPU = Release|Any CPU
	EndGlobalSection
	GlobalSection(ProjectConfigurationPlatforms) = postSolution
		{8289C82A-D6AC-414F-92F0-D91FE010432F}.Debug|Any CPU.ActiveCfg = Debug|Any CPU
		{8289C82A-D6AC-414F-92F0-D91FE010432F}.Debug|Any CPU.Build.0 = Debug|Any CPU
		{8289C82A-D6AC-414F-92F0-D91FE010432F}.Release|Any CPU.ActiveCfg = Release|Any CPU
		{8289C82A-D6AC-414F-92F0-D91FE010432F}.Release|Any CPU.Build.0 = Release|Any CPU
		{538C10C5-45EA-429D-808A-A2BA57B808BE}.Debug|Any CPU.ActiveCfg = Debug|Any CPU
		{538C10C5-45EA-429D-808A-A2BA57B808BE}.Debug|Any CPU.Build.0 = Debug|Any CPU
		{538C10C5-45EA-429D-808A-A2BA57B808BE}.Release|Any CPU.ActiveCfg = Release|Any CPU
		{538C10C5-45EA-429D-808A-A2BA57B808BE}.Release|Any CPU.Build.0 = Release|Any CPU
		{C24B596C-29A3-4577-A4AF-30F557C4CA2F}.Debug|Any CPU.ActiveCfg = Debug|Any CPU
		{C24B596C-29A3-4577-A4AF-30F557C4CA2F}.Debug|Any CPU.Build.0 = Debug|Any CPU
		{C24B596C-29A3-4577-A4AF-30F557C4CA2F}.Release|Any CPU.ActiveCfg = Release|Any CPU
		{C24B596C-29A3-4577-A4AF-30F557C4CA2F}.Release|Any CPU.Build.0 = Release|Any CPU
		{2FB44C5A-BE1E-4FBF-89FD-DF3C03748AE1}.Debug|Any CPU.ActiveCfg = Debug|Any CPU
		{2FB44C5A-BE1E-4FBF-89FD-DF3C03748AE1}.Debug|Any CPU.Build.0 = Debug|Any CPU
		{2FB44C5A-BE1E-4FBF-89FD-DF3C03748AE1}.Release|Any CPU.ActiveCfg = Release|Any CPU
		{2FB44C5A-BE1E-4FBF-89FD-DF3C03748AE1}.Release|Any CPU.Build.0 = Release|Any CPU
		{2553A3AC-9969-48C9-8A96-CB64B204D42D}.Debug|Any CPU.ActiveCfg = Debug|Any CPU
		{2553A3AC-9969-48C9-8A96-CB64B204D42D}.Debug|Any CPU.Build.0 = Debug|Any CPU
		{2553A3AC-9969-48C9-8A96-CB64B204D42D}.Release|Any CPU.ActiveCfg = Release|Any CPU
		{2553A3AC-9969-48C9-8A96-CB64B204D42D}.Release|Any CPU.Build.0 = Release|Any CPU
		{731B5D42-673C-49FD-8B10-2D9EF29AB322}.Debug|Any CPU.ActiveCfg = Debug|Any CPU
		{731B5D42-673C-49FD-8B10-2D9EF29AB322}.Debug|Any CPU.Build.0 = Debug|Any CPU
		{731B5D42-673C-49FD-8B10-2D9EF29AB322}.Release|Any CPU.ActiveCfg = Release|Any CPU
		{731B5D42-673C-49FD-8B10-2D9EF29AB322}.Release|Any CPU.Build.0 = Release|Any CPU
		{B4D2807A-A507-4696-B855-4C4EF50AEB2F}.Debug|Any CPU.ActiveCfg = Debug|Any CPU
		{B4D2807A-A507-4696-B855-4C4EF50AEB2F}.Debug|Any CPU.Build.0 = Debug|Any CPU
		{B4D2807A-A507-4696-B855-4C4EF50AEB2F}.Release|Any CPU.ActiveCfg = Release|Any CPU
		{B4D2807A-A507-4696-B855-4C4EF50AEB2F}.Release|Any CPU.Build.0 = Release|Any CPU
		{AF846E0A-BDD3-4134-AE87-3804645D57C0}.Debug|Any CPU.ActiveCfg = Debug|Any CPU
		{AF846E0A-BDD3-4134-AE87-3804645D57C0}.Debug|Any CPU.Build.0 = Debug|Any CPU
		{AF846E0A-BDD3-4134-AE87-3804645D57C0}.Release|Any CPU.ActiveCfg = Release|Any CPU
		{AF846E0A-BDD3-4134-AE87-3804645D57C0}.Release|Any CPU.Build.0 = Release|Any CPU
		{4ABBCD7D-A0B8-40D6-B7DF-FCB56DD68259}.Debug|Any CPU.ActiveCfg = Debug|Any CPU
		{4ABBCD7D-A0B8-40D6-B7DF-FCB56DD68259}.Debug|Any CPU.Build.0 = Debug|Any CPU
		{4ABBCD7D-A0B8-40D6-B7DF-FCB56DD68259}.Release|Any CPU.ActiveCfg = Release|Any CPU
		{4ABBCD7D-A0B8-40D6-B7DF-FCB56DD68259}.Release|Any CPU.Build.0 = Release|Any CPU
		{1FE0C432-F3F7-4E9F-8356-35C3942E9359}.Debug|Any CPU.ActiveCfg = Debug|Any CPU
		{1FE0C432-F3F7-4E9F-8356-35C3942E9359}.Debug|Any CPU.Build.0 = Debug|Any CPU
		{1FE0C432-F3F7-4E9F-8356-35C3942E9359}.Release|Any CPU.ActiveCfg = Release|Any CPU
		{1FE0C432-F3F7-4E9F-8356-35C3942E9359}.Release|Any CPU.Build.0 = Release|Any CPU
		{0428FDF7-484A-403B-9858-CE8E186B4515}.Debug|Any CPU.ActiveCfg = Debug|Any CPU
		{0428FDF7-484A-403B-9858-CE8E186B4515}.Debug|Any CPU.Build.0 = Debug|Any CPU
		{0428FDF7-484A-403B-9858-CE8E186B4515}.Release|Any CPU.ActiveCfg = Release|Any CPU
		{0428FDF7-484A-403B-9858-CE8E186B4515}.Release|Any CPU.Build.0 = Release|Any CPU
		{5D4839B4-D8E5-4FDD-8CEE-5E976C08BCC5}.Debug|Any CPU.ActiveCfg = Debug|Any CPU
		{5D4839B4-D8E5-4FDD-8CEE-5E976C08BCC5}.Debug|Any CPU.Build.0 = Debug|Any CPU
		{5D4839B4-D8E5-4FDD-8CEE-5E976C08BCC5}.Release|Any CPU.ActiveCfg = Release|Any CPU
		{5D4839B4-D8E5-4FDD-8CEE-5E976C08BCC5}.Release|Any CPU.Build.0 = Release|Any CPU
		{BB884775-8D89-473F-8093-B5BB2E62B90E}.Debug|Any CPU.ActiveCfg = Debug|Any CPU
		{BB884775-8D89-473F-8093-B5BB2E62B90E}.Debug|Any CPU.Build.0 = Debug|Any CPU
		{BB884775-8D89-473F-8093-B5BB2E62B90E}.Release|Any CPU.ActiveCfg = Release|Any CPU
		{BB884775-8D89-473F-8093-B5BB2E62B90E}.Release|Any CPU.Build.0 = Release|Any CPU
		{9534FD08-D79A-46AB-8B93-3041546CA804}.Debug|Any CPU.ActiveCfg = Debug|Any CPU
		{9534FD08-D79A-46AB-8B93-3041546CA804}.Debug|Any CPU.Build.0 = Debug|Any CPU
		{9534FD08-D79A-46AB-8B93-3041546CA804}.Release|Any CPU.ActiveCfg = Release|Any CPU
		{9534FD08-D79A-46AB-8B93-3041546CA804}.Release|Any CPU.Build.0 = Release|Any CPU
	EndGlobalSection
	GlobalSection(SolutionProperties) = preSolution
		HideSolutionNode = FALSE
	EndGlobalSection
	GlobalSection(ExtensibilityGlobals) = postSolution
		SolutionGuid = {EBE01BEF-EA92-4B7E-BB02-719C17EF04EE}
	EndGlobalSection
EndGlobal
