
Microsoft Visual Studio Solution File, Format Version 12.00
# Visual Studio Version 16
VisualStudioVersion = 16.0.29123.88
MinimumVisualStudioVersion = 10.0.40219.1
Project("{9A19103F-16F7-4668-BE54-9A1E7A4F7556}") = "API", "API\API.csproj", "{8289C82A-D6AC-414F-92F0-D91FE010432F}"
EndProject
Project("{9A19103F-16F7-4668-BE54-9A1E7A4F7556}") = "UserService", "UserService\UserService.csproj", "{538C10C5-45EA-429D-808A-A2BA57B808BE}"
EndProject
Project("{9A19103F-16F7-4668-BE54-9A1E7A4F7556}") = "DTO", "DTO\DTO.csproj", "{C24B596C-29A3-4577-A4AF-30F557C4CA2F}"
EndProject
Project("{9A19103F-16F7-4668-BE54-9A1E7A4F7556}") = "Either", "Either\Either.csproj", "{2FB44C5A-BE1E-4FBF-89FD-DF3C03748AE1}"
EndProject
Project("{FAE04EC0-301F-11D3-BF4B-00C04F79EFBC}") = "EitherTest", "ConsoleApp1\EitherTest.csproj", "{AADCFA77-2CAD-41E1-ABEB-EB60F454E82A}"
EndProject
Project("{9A19103F-16F7-4668-BE54-9A1E7A4F7556}") = "EventBus", "EventBus\EventBus.csproj", "{5815F41F-2F9E-43F7-AE4B-F5304E4606B8}"
EndProject
Project("{9A19103F-16F7-4668-BE54-9A1E7A4F7556}") = "Communication", "Communication\Communication.csproj", "{CF4419B4-F2B8-42EC-B24A-21C3B792A8AF}"
EndProject
Project("{FAE04EC0-301F-11D3-BF4B-00C04F79EFBC}") = "Facade", "Facade\Facade.csproj", "{7C1FCB1F-EA26-44F1-9FD8-CB0A7015C2D3}"
EndProject
Global
	GlobalSection(SolutionConfigurationPlatforms) = preSolution
		Debug|Any CPU = Debug|Any CPU
		Release|Any CPU = Release|Any CPU
	EndGlobalSection
	GlobalSection(ProjectConfigurationPlatforms) = postSolution
		{8289C82A-D6AC-414F-92F0-D91FE010432F}.Debug|Any CPU.ActiveCfg = Debug|Any CPU
		{8289C82A-D6AC-414F-92F0-D91FE010432F}.Debug|Any CPU.Build.0 = Debug|Any CPU
		{8289C82A-D6AC-414F-92F0-D91FE010432F}.Release|Any CPU.ActiveCfg = Release|Any CPU
		{8289C82A-D6AC-414F-92F0-D91FE010432F}.Release|Any CPU.Build.0 = Release|Any CPU
		{538C10C5-45EA-429D-808A-A2BA57B808BE}.Debug|Any CPU.ActiveCfg = Debug|Any CPU
		{538C10C5-45EA-429D-808A-A2BA57B808BE}.Debug|Any CPU.Build.0 = Debug|Any CPU
		{538C10C5-45EA-429D-808A-A2BA57B808BE}.Release|Any CPU.ActiveCfg = Release|Any CPU
		{538C10C5-45EA-429D-808A-A2BA57B808BE}.Release|Any CPU.Build.0 = Release|Any CPU
		{C24B596C-29A3-4577-A4AF-30F557C4CA2F}.Debug|Any CPU.ActiveCfg = Debug|Any CPU
		{C24B596C-29A3-4577-A4AF-30F557C4CA2F}.Debug|Any CPU.Build.0 = Debug|Any CPU
		{C24B596C-29A3-4577-A4AF-30F557C4CA2F}.Release|Any CPU.ActiveCfg = Release|Any CPU
		{C24B596C-29A3-4577-A4AF-30F557C4CA2F}.Release|Any CPU.Build.0 = Release|Any CPU
		{2FB44C5A-BE1E-4FBF-89FD-DF3C03748AE1}.Debug|Any CPU.ActiveCfg = Debug|Any CPU
		{2FB44C5A-BE1E-4FBF-89FD-DF3C03748AE1}.Debug|Any CPU.Build.0 = Debug|Any CPU
		{2FB44C5A-BE1E-4FBF-89FD-DF3C03748AE1}.Release|Any CPU.ActiveCfg = Release|Any CPU
		{2FB44C5A-BE1E-4FBF-89FD-DF3C03748AE1}.Release|Any CPU.Build.0 = Release|Any CPU
		{AADCFA77-2CAD-41E1-ABEB-EB60F454E82A}.Debug|Any CPU.ActiveCfg = Debug|Any CPU
		{AADCFA77-2CAD-41E1-ABEB-EB60F454E82A}.Debug|Any CPU.Build.0 = Debug|Any CPU
		{AADCFA77-2CAD-41E1-ABEB-EB60F454E82A}.Release|Any CPU.ActiveCfg = Release|Any CPU
		{AADCFA77-2CAD-41E1-ABEB-EB60F454E82A}.Release|Any CPU.Build.0 = Release|Any CPU
		{5815F41F-2F9E-43F7-AE4B-F5304E4606B8}.Debug|Any CPU.ActiveCfg = Debug|Any CPU
		{5815F41F-2F9E-43F7-AE4B-F5304E4606B8}.Debug|Any CPU.Build.0 = Debug|Any CPU
		{5815F41F-2F9E-43F7-AE4B-F5304E4606B8}.Release|Any CPU.ActiveCfg = Release|Any CPU
		{5815F41F-2F9E-43F7-AE4B-F5304E4606B8}.Release|Any CPU.Build.0 = Release|Any CPU
		{CF4419B4-F2B8-42EC-B24A-21C3B792A8AF}.Debug|Any CPU.ActiveCfg = Debug|Any CPU
		{CF4419B4-F2B8-42EC-B24A-21C3B792A8AF}.Debug|Any CPU.Build.0 = Debug|Any CPU
		{CF4419B4-F2B8-42EC-B24A-21C3B792A8AF}.Release|Any CPU.ActiveCfg = Release|Any CPU
		{CF4419B4-F2B8-42EC-B24A-21C3B792A8AF}.Release|Any CPU.Build.0 = Release|Any CPU
		{7C1FCB1F-EA26-44F1-9FD8-CB0A7015C2D3}.Debug|Any CPU.ActiveCfg = Debug|Any CPU
		{7C1FCB1F-EA26-44F1-9FD8-CB0A7015C2D3}.Debug|Any CPU.Build.0 = Debug|Any CPU
		{7C1FCB1F-EA26-44F1-9FD8-CB0A7015C2D3}.Release|Any CPU.ActiveCfg = Release|Any CPU
		{7C1FCB1F-EA26-44F1-9FD8-CB0A7015C2D3}.Release|Any CPU.Build.0 = Release|Any CPU
	EndGlobalSection
	GlobalSection(SolutionProperties) = preSolution
		HideSolutionNode = FALSE
	EndGlobalSection
	GlobalSection(ExtensibilityGlobals) = postSolution
		SolutionGuid = {EBE01BEF-EA92-4B7E-BB02-719C17EF04EE}
	EndGlobalSection
EndGlobal
